
Microsoft Visual Studio Solution File, Format Version 12.00
# Visual Studio Version 16
VisualStudioVersion = 16.0.29920.165
MinimumVisualStudioVersion = 10.0.40219.1
Project("{9A19103F-16F7-4668-BE54-9A1E7A4F7556}") = "Team5_LUSS", "Team5_LUSS\Team5_LUSS.csproj", "{143BEE5E-748F-4D0C-8A35-E15FC597B702}"
EndProject
Project("{9A19103F-16F7-4668-BE54-9A1E7A4F7556}") = "LUSS_API", "WebApplication1\LUSS_API.csproj", "{D83D5AFA-B383-4D8E-AA3F-05FFFCFEAB9E}"
EndProject
Global
	GlobalSection(SolutionConfigurationPlatforms) = preSolution
		Debug|Any CPU = Debug|Any CPU
		Release|Any CPU = Release|Any CPU
	EndGlobalSection
	GlobalSection(ProjectConfigurationPlatforms) = postSolution
		{143BEE5E-748F-4D0C-8A35-E15FC597B702}.Debug|Any CPU.ActiveCfg = Debug|Any CPU
		{143BEE5E-748F-4D0C-8A35-E15FC597B702}.Debug|Any CPU.Build.0 = Debug|Any CPU
		{143BEE5E-748F-4D0C-8A35-E15FC597B702}.Release|Any CPU.ActiveCfg = Release|Any CPU
		{143BEE5E-748F-4D0C-8A35-E15FC597B702}.Release|Any CPU.Build.0 = Release|Any CPU
		{D83D5AFA-B383-4D8E-AA3F-05FFFCFEAB9E}.Debug|Any CPU.ActiveCfg = Debug|Any CPU
		{D83D5AFA-B383-4D8E-AA3F-05FFFCFEAB9E}.Debug|Any CPU.Build.0 = Debug|Any CPU
		{D83D5AFA-B383-4D8E-AA3F-05FFFCFEAB9E}.Release|Any CPU.ActiveCfg = Release|Any CPU
		{D83D5AFA-B383-4D8E-AA3F-05FFFCFEAB9E}.Release|Any CPU.Build.0 = Release|Any CPU
	EndGlobalSection
	GlobalSection(SolutionProperties) = preSolution
		HideSolutionNode = FALSE
	EndGlobalSection
	GlobalSection(ExtensibilityGlobals) = postSolution
		SolutionGuid = {3D85288E-CEB6-4D97-9957-66CED879ED74}
	EndGlobalSection
EndGlobal
